
Microsoft Visual Studio Solution File, Format Version 12.00
# Visual Studio Version 16
VisualStudioVersion = 16.0.30517.126
MinimumVisualStudioVersion = 10.0.40219.1
Project("{F2A71F9B-5D33-465A-A702-920D77279786}") = "Tutorial", "Tutorial.fsproj", "{89E78DBC-EB51-4BEA-A0F8-73AAD48CC668}"
EndProject
Global
	GlobalSection(SolutionConfigurationPlatforms) = preSolution
		Debug|Any CPU = Debug|Any CPU
		Release|Any CPU = Release|Any CPU
	EndGlobalSection
	GlobalSection(ProjectConfigurationPlatforms) = postSolution
		{89E78DBC-EB51-4BEA-A0F8-73AAD48CC668}.Debug|Any CPU.ActiveCfg = Debug|Any CPU
		{89E78DBC-EB51-4BEA-A0F8-73AAD48CC668}.Debug|Any CPU.Build.0 = Debug|Any CPU
		{89E78DBC-EB51-4BEA-A0F8-73AAD48CC668}.Release|Any CPU.ActiveCfg = Release|Any CPU
		{89E78DBC-EB51-4BEA-A0F8-73AAD48CC668}.Release|Any CPU.Build.0 = Release|Any CPU
	EndGlobalSection
	GlobalSection(SolutionProperties) = preSolution
		HideSolutionNode = FALSE
	EndGlobalSection
	GlobalSection(ExtensibilityGlobals) = postSolution
		SolutionGuid = {4A66F227-3808-4B46-BDF4-E1FBD94C73E2}
	EndGlobalSection
EndGlobal
